
Microsoft Visual Studio Solution File, Format Version 12.00
# Visual Studio 15
VisualStudioVersion = 15.0.26430.12
MinimumVisualStudioVersion = 10.0.40219.1
Project("{8BC9CEB8-8B4A-11D0-8D11-00A0C91BC942}") = "EvenSequence", "EvenSequence\EvenSequence.vcxproj", "{CEE5CC3D-D2AE-408E-BC3D-00DE190C65B2}"
EndProject
Project("{8BC9CEB8-8B4A-11D0-8D11-00A0C91BC942}") = "Spreadshell", "Spreadshell\Spreadshell.vcxproj", "{DB052C2C-EB89-4477-B2FF-E84BC10209C4}"
EndProject
Project("{8BC9CEB8-8B4A-11D0-8D11-00A0C91BC942}") = "Array", "Array\Array.vcxproj", "{0D440D1C-DD03-4402-A6BC-6E469160980C}"
EndProject
Project("{8BC9CEB8-8B4A-11D0-8D11-00A0C91BC942}") = "Employee", "Employee\1-5-1.vcxproj", "{F1B5447D-EF50-4823-973F-81FC7ECF172C}"
EndProject
Project("{8BC9CEB8-8B4A-11D0-8D11-00A0C91BC942}") = "GanmeBoard", "GanmeBoard\GanmeBoard.vcxproj", "{AD6ECCFE-487E-45C5-8103-DB2D4CB46260}"
EndProject
Project("{8BC9CEB8-8B4A-11D0-8D11-00A0C91BC942}") = "manipulator", "manipulator\manipulator.vcxproj", "{3BAFEBB7-6A24-43C7-ACE2-A546E440A176}"
EndProject
Project("{8BC9CEB8-8B4A-11D0-8D11-00A0C91BC942}") = "exception", "exception\exception.vcxproj", "{A835F99C-FDCA-4203-9473-07B9A0B2E4D8}"
EndProject
Project("{8BC9CEB8-8B4A-11D0-8D11-00A0C91BC942}") = "GameBoardException", "GameBoardException\GameBoardException.vcxproj", "{10DB19A5-E184-4DFB-9CF0-64A69C09703C}"
EndProject
Global
	GlobalSection(SolutionConfigurationPlatforms) = preSolution
		Debug|x64 = Debug|x64
		Debug|x86 = Debug|x86
		Release|x64 = Release|x64
		Release|x86 = Release|x86
	EndGlobalSection
	GlobalSection(ProjectConfigurationPlatforms) = postSolution
		{CEE5CC3D-D2AE-408E-BC3D-00DE190C65B2}.Debug|x64.ActiveCfg = Debug|x64
		{CEE5CC3D-D2AE-408E-BC3D-00DE190C65B2}.Debug|x64.Build.0 = Debug|x64
		{CEE5CC3D-D2AE-408E-BC3D-00DE190C65B2}.Debug|x86.ActiveCfg = Debug|Win32
		{CEE5CC3D-D2AE-408E-BC3D-00DE190C65B2}.Debug|x86.Build.0 = Debug|Win32
		{CEE5CC3D-D2AE-408E-BC3D-00DE190C65B2}.Release|x64.ActiveCfg = Release|x64
		{CEE5CC3D-D2AE-408E-BC3D-00DE190C65B2}.Release|x64.Build.0 = Release|x64
		{CEE5CC3D-D2AE-408E-BC3D-00DE190C65B2}.Release|x86.ActiveCfg = Release|Win32
		{CEE5CC3D-D2AE-408E-BC3D-00DE190C65B2}.Release|x86.Build.0 = Release|Win32
		{DB052C2C-EB89-4477-B2FF-E84BC10209C4}.Debug|x64.ActiveCfg = Debug|x64
		{DB052C2C-EB89-4477-B2FF-E84BC10209C4}.Debug|x64.Build.0 = Debug|x64
		{DB052C2C-EB89-4477-B2FF-E84BC10209C4}.Debug|x86.ActiveCfg = Debug|Win32
		{DB052C2C-EB89-4477-B2FF-E84BC10209C4}.Debug|x86.Build.0 = Debug|Win32
		{DB052C2C-EB89-4477-B2FF-E84BC10209C4}.Release|x64.ActiveCfg = Release|x64
		{DB052C2C-EB89-4477-B2FF-E84BC10209C4}.Release|x64.Build.0 = Release|x64
		{DB052C2C-EB89-4477-B2FF-E84BC10209C4}.Release|x86.ActiveCfg = Release|Win32
		{DB052C2C-EB89-4477-B2FF-E84BC10209C4}.Release|x86.Build.0 = Release|Win32
		{0D440D1C-DD03-4402-A6BC-6E469160980C}.Debug|x64.ActiveCfg = Debug|x64
		{0D440D1C-DD03-4402-A6BC-6E469160980C}.Debug|x64.Build.0 = Debug|x64
		{0D440D1C-DD03-4402-A6BC-6E469160980C}.Debug|x86.ActiveCfg = Debug|Win32
		{0D440D1C-DD03-4402-A6BC-6E469160980C}.Debug|x86.Build.0 = Debug|Win32
		{0D440D1C-DD03-4402-A6BC-6E469160980C}.Release|x64.ActiveCfg = Release|x64
		{0D440D1C-DD03-4402-A6BC-6E469160980C}.Release|x64.Build.0 = Release|x64
		{0D440D1C-DD03-4402-A6BC-6E469160980C}.Release|x86.ActiveCfg = Release|Win32
		{0D440D1C-DD03-4402-A6BC-6E469160980C}.Release|x86.Build.0 = Release|Win32
		{F1B5447D-EF50-4823-973F-81FC7ECF172C}.Debug|x64.ActiveCfg = Debug|x64
		{F1B5447D-EF50-4823-973F-81FC7ECF172C}.Debug|x64.Build.0 = Debug|x64
		{F1B5447D-EF50-4823-973F-81FC7ECF172C}.Debug|x86.ActiveCfg = Debug|Win32
		{F1B5447D-EF50-4823-973F-81FC7ECF172C}.Debug|x86.Build.0 = Debug|Win32
		{F1B5447D-EF50-4823-973F-81FC7ECF172C}.Release|x64.ActiveCfg = Release|x64
		{F1B5447D-EF50-4823-973F-81FC7ECF172C}.Release|x64.Build.0 = Release|x64
		{F1B5447D-EF50-4823-973F-81FC7ECF172C}.Release|x86.ActiveCfg = Release|Win32
		{F1B5447D-EF50-4823-973F-81FC7ECF172C}.Release|x86.Build.0 = Release|Win32
		{AD6ECCFE-487E-45C5-8103-DB2D4CB46260}.Debug|x64.ActiveCfg = Debug|x64
		{AD6ECCFE-487E-45C5-8103-DB2D4CB46260}.Debug|x64.Build.0 = Debug|x64
		{AD6ECCFE-487E-45C5-8103-DB2D4CB46260}.Debug|x86.ActiveCfg = Debug|Win32
		{AD6ECCFE-487E-45C5-8103-DB2D4CB46260}.Debug|x86.Build.0 = Debug|Win32
		{AD6ECCFE-487E-45C5-8103-DB2D4CB46260}.Release|x64.ActiveCfg = Release|x64
		{AD6ECCFE-487E-45C5-8103-DB2D4CB46260}.Release|x64.Build.0 = Release|x64
		{AD6ECCFE-487E-45C5-8103-DB2D4CB46260}.Release|x86.ActiveCfg = Release|Win32
		{AD6ECCFE-487E-45C5-8103-DB2D4CB46260}.Release|x86.Build.0 = Release|Win32
		{3BAFEBB7-6A24-43C7-ACE2-A546E440A176}.Debug|x64.ActiveCfg = Debug|x64
		{3BAFEBB7-6A24-43C7-ACE2-A546E440A176}.Debug|x64.Build.0 = Debug|x64
		{3BAFEBB7-6A24-43C7-ACE2-A546E440A176}.Debug|x86.ActiveCfg = Debug|Win32
		{3BAFEBB7-6A24-43C7-ACE2-A546E440A176}.Debug|x86.Build.0 = Debug|Win32
		{3BAFEBB7-6A24-43C7-ACE2-A546E440A176}.Release|x64.ActiveCfg = Release|x64
		{3BAFEBB7-6A24-43C7-ACE2-A546E440A176}.Release|x64.Build.0 = Release|x64
		{3BAFEBB7-6A24-43C7-ACE2-A546E440A176}.Release|x86.ActiveCfg = Release|Win32
		{3BAFEBB7-6A24-43C7-ACE2-A546E440A176}.Release|x86.Build.0 = Release|Win32
		{A835F99C-FDCA-4203-9473-07B9A0B2E4D8}.Debug|x64.ActiveCfg = Debug|x64
		{A835F99C-FDCA-4203-9473-07B9A0B2E4D8}.Debug|x64.Build.0 = Debug|x64
		{A835F99C-FDCA-4203-9473-07B9A0B2E4D8}.Debug|x86.ActiveCfg = Debug|Win32
		{A835F99C-FDCA-4203-9473-07B9A0B2E4D8}.Debug|x86.Build.0 = Debug|Win32
		{A835F99C-FDCA-4203-9473-07B9A0B2E4D8}.Release|x64.ActiveCfg = Release|x64
		{A835F99C-FDCA-4203-9473-07B9A0B2E4D8}.Release|x64.Build.0 = Release|x64
		{A835F99C-FDCA-4203-9473-07B9A0B2E4D8}.Release|x86.ActiveCfg = Release|Win32
		{A835F99C-FDCA-4203-9473-07B9A0B2E4D8}.Release|x86.Build.0 = Release|Win32
		{10DB19A5-E184-4DFB-9CF0-64A69C09703C}.Debug|x64.ActiveCfg = Debug|x64
		{10DB19A5-E184-4DFB-9CF0-64A69C09703C}.Debug|x64.Build.0 = Debug|x64
		{10DB19A5-E184-4DFB-9CF0-64A69C09703C}.Debug|x86.ActiveCfg = Debug|Win32
		{10DB19A5-E184-4DFB-9CF0-64A69C09703C}.Debug|x86.Build.0 = Debug|Win32
		{10DB19A5-E184-4DFB-9CF0-64A69C09703C}.Release|x64.ActiveCfg = Release|x64
		{10DB19A5-E184-4DFB-9CF0-64A69C09703C}.Release|x64.Build.0 = Release|x64
		{10DB19A5-E184-4DFB-9CF0-64A69C09703C}.Release|x86.ActiveCfg = Release|Win32
		{10DB19A5-E184-4DFB-9CF0-64A69C09703C}.Release|x86.Build.0 = Release|Win32
	EndGlobalSection
	GlobalSection(SolutionProperties) = preSolution
		HideSolutionNode = FALSE
	EndGlobalSection
EndGlobal
